
Microsoft Visual Studio Solution File, Format Version 12.00
# Visual Studio Version 18
VisualStudioVersion = 18.3.11520.95
MinimumVisualStudioVersion = 10.0.40219.1
Project("{FAE04EC0-301F-11D3-BF4B-00C04F79EFBC}") = "Regexer", "Regexer\Regexer.csproj", "{52C40F7D-C14D-4181-AE72-2236E81F676C}"
EndProject
Project("{FAE04EC0-301F-11D3-BF4B-00C04F79EFBC}") = "RegexerUI", "RegexerUI\RegexerUI.csproj", "{00C0BDD1-B8E4-4B1F-B423-9E246135DE20}"
EndProject
Project("{FAE04EC0-301F-11D3-BF4B-00C04F79EFBC}") = "RegexerTests", "RegexerTests\RegexerTests.csproj", "{96A78915-99CE-4E92-9342-2217260D5201}"
EndProject
Project("{FAE04EC0-301F-11D3-BF4B-00C04F79EFBC}") = "RegexerV2", "RegexerV2\RegexerV2.csproj", "{7C7B1611-336B-42BC-ADCB-510EB6B43C78}"
EndProject
Project("{FAE04EC0-301F-11D3-BF4B-00C04F79EFBC}") = "RegexerUIV2", "RegexerUIV2\RegexerUIV2.csproj", "{89F436A4-8FA6-43D6-9CD8-F02AF4DC4FCF}"
EndProject
Global
	GlobalSection(SolutionConfigurationPlatforms) = preSolution
		Debug|Any CPU = Debug|Any CPU
		Release|Any CPU = Release|Any CPU
	EndGlobalSection
	GlobalSection(ProjectConfigurationPlatforms) = postSolution
		{52C40F7D-C14D-4181-AE72-2236E81F676C}.Debug|Any CPU.ActiveCfg = Debug|Any CPU
		{52C40F7D-C14D-4181-AE72-2236E81F676C}.Debug|Any CPU.Build.0 = Debug|Any CPU
		{52C40F7D-C14D-4181-AE72-2236E81F676C}.Release|Any CPU.ActiveCfg = Release|Any CPU
		{52C40F7D-C14D-4181-AE72-2236E81F676C}.Release|Any CPU.Build.0 = Release|Any CPU
		{00C0BDD1-B8E4-4B1F-B423-9E246135DE20}.Debug|Any CPU.ActiveCfg = Debug|Any CPU
		{00C0BDD1-B8E4-4B1F-B423-9E246135DE20}.Debug|Any CPU.Build.0 = Debug|Any CPU
		{00C0BDD1-B8E4-4B1F-B423-9E246135DE20}.Release|Any CPU.ActiveCfg = Release|Any CPU
		{00C0BDD1-B8E4-4B1F-B423-9E246135DE20}.Release|Any CPU.Build.0 = Release|Any CPU
		{96A78915-99CE-4E92-9342-2217260D5201}.Debug|Any CPU.ActiveCfg = Debug|Any CPU
		{96A78915-99CE-4E92-9342-2217260D5201}.Debug|Any CPU.Build.0 = Debug|Any CPU
		{96A78915-99CE-4E92-9342-2217260D5201}.Release|Any CPU.ActiveCfg = Release|Any CPU
		{96A78915-99CE-4E92-9342-2217260D5201}.Release|Any CPU.Build.0 = Release|Any CPU
		{7C7B1611-336B-42BC-ADCB-510EB6B43C78}.Debug|Any CPU.ActiveCfg = Debug|Any CPU
		{7C7B1611-336B-42BC-ADCB-510EB6B43C78}.Debug|Any CPU.Build.0 = Debug|Any CPU
		{7C7B1611-336B-42BC-ADCB-510EB6B43C78}.Release|Any CPU.ActiveCfg = Release|Any CPU
		{7C7B1611-336B-42BC-ADCB-510EB6B43C78}.Release|Any CPU.Build.0 = Release|Any CPU
		{89F436A4-8FA6-43D6-9CD8-F02AF4DC4FCF}.Debug|Any CPU.ActiveCfg = Debug|Any CPU
		{89F436A4-8FA6-43D6-9CD8-F02AF4DC4FCF}.Debug|Any CPU.Build.0 = Debug|Any CPU
		{89F436A4-8FA6-43D6-9CD8-F02AF4DC4FCF}.Release|Any CPU.ActiveCfg = Release|Any CPU
		{89F436A4-8FA6-43D6-9CD8-F02AF4DC4FCF}.Release|Any CPU.Build.0 = Release|Any CPU
	EndGlobalSection
	GlobalSection(SolutionProperties) = preSolution
		HideSolutionNode = FALSE
	EndGlobalSection
	GlobalSection(ExtensibilityGlobals) = postSolution
		SolutionGuid = {FF5054A5-1E45-419C-BD5F-09C92770FBE1}
	EndGlobalSection
EndGlobal
